// !$*UTF8*$!
{
	archiveVersion = 1;
	classes = {
	};
	objectVersion = 46;
	objects = {

/* Begin PBXBuildFile section */
		DF5F105F1A8075BC00A251F6 /* ViewController.swift in Sources */ = {isa = PBXBuildFile; fileRef = DF5F105E1A8075BC00A251F6 /* ViewController.swift */; };
		DFA9D7EF1A82AF4B000A1668 /* Dao.swift in Sources */ = {isa = PBXBuildFile; fileRef = DFA9D7EE1A82AF4B000A1668 /* Dao.swift */; };
		DFB94ADD1A71AEEF009CE6B6 /* AppDelegate.swift in Sources */ = {isa = PBXBuildFile; fileRef = DFB94ADC1A71AEEF009CE6B6 /* AppDelegate.swift */; };
		DFB94ADF1A71AEEF009CE6B6 /* MealsTableViewController.swift in Sources */ = {isa = PBXBuildFile; fileRef = DFB94ADE1A71AEEF009CE6B6 /* MealsTableViewController.swift */; };
		DFB94AE21A71AEEF009CE6B6 /* Main.storyboard in Resources */ = {isa = PBXBuildFile; fileRef = DFB94AE01A71AEEF009CE6B6 /* Main.storyboard */; };
		DFB94AE41A71AEEF009CE6B6 /* Images.xcassets in Resources */ = {isa = PBXBuildFile; fileRef = DFB94AE31A71AEEF009CE6B6 /* Images.xcassets */; };
		DFB94AE71A71AEEF009CE6B6 /* LaunchScreen.xib in Resources */ = {isa = PBXBuildFile; fileRef = DFB94AE51A71AEEF009CE6B6 /* LaunchScreen.xib */; };
		DFB94AF31A71AEEF009CE6B6 /* dynamic_tableTests.swift in Sources */ = {isa = PBXBuildFile; fileRef = DFB94AF21A71AEEF009CE6B6 /* dynamic_tableTests.swift */; };
		DFFC68531A818C4B001CE65B /* Item.swift in Sources */ = {isa = PBXBuildFile; fileRef = DFFC68521A818C4B001CE65B /* Item.swift */; };
		DFFC68551A818C6C001CE65B /* Meal.swift in Sources */ = {isa = PBXBuildFile; fileRef = DFFC68541A818C6C001CE65B /* Meal.swift */; };
/* End PBXBuildFile section */

/* Begin PBXContainerItemProxy section */
		DFB94AED1A71AEEF009CE6B6 /* PBXContainerItemProxy */ = {
			isa = PBXContainerItemProxy;
			containerPortal = DFB94ACF1A71AEEF009CE6B6 /* Project object */;
			proxyType = 1;
			remoteGlobalIDString = DFB94AD61A71AEEF009CE6B6;
			remoteInfo = "dynamic-table";
		};
/* End PBXContainerItemProxy section */

/* Begin PBXFileReference section */
		DF5F105E1A8075BC00A251F6 /* ViewController.swift */ = {isa = PBXFileReference; fileEncoding = 4; lastKnownFileType = sourcecode.swift; path = ViewController.swift; sourceTree = "<group>"; };
		DFA9D7EE1A82AF4B000A1668 /* Dao.swift */ = {isa = PBXFileReference; fileEncoding = 4; lastKnownFileType = sourcecode.swift; path = Dao.swift; sourceTree = "<group>"; };
		DFB94AD71A71AEEF009CE6B6 /* dynamic-table.app */ = {isa = PBXFileReference; explicitFileType = wrapper.application; includeInIndex = 0; path = "dynamic-table.app"; sourceTree = BUILT_PRODUCTS_DIR; };
		DFB94ADB1A71AEEF009CE6B6 /* Info.plist */ = {isa = PBXFileReference; lastKnownFileType = text.plist.xml; path = Info.plist; sourceTree = "<group>"; };
		DFB94ADC1A71AEEF009CE6B6 /* AppDelegate.swift */ = {isa = PBXFileReference; lastKnownFileType = sourcecode.swift; path = AppDelegate.swift; sourceTree = "<group>"; };
		DFB94ADE1A71AEEF009CE6B6 /* MealsTableViewController.swift */ = {isa = PBXFileReference; lastKnownFileType = sourcecode.swift; name = MealsTableViewController.swift; path = "View Controllers/MealsTableViewController.swift"; sourceTree = SOURCE_ROOT; };
		DFB94AE11A71AEEF009CE6B6 /* Base */ = {isa = PBXFileReference; lastKnownFileType = file.storyboard; name = Base; path = Base.lproj/Main.storyboard; sourceTree = "<group>"; };
		DFB94AE31A71AEEF009CE6B6 /* Images.xcassets */ = {isa = PBXFileReference; lastKnownFileType = folder.assetcatalog; path = Images.xcassets; sourceTree = "<group>"; };
		DFB94AE61A71AEEF009CE6B6 /* Base */ = {isa = PBXFileReference; lastKnownFileType = file.xib; name = Base; path = Base.lproj/LaunchScreen.xib; sourceTree = "<group>"; };
		DFB94AEC1A71AEEF009CE6B6 /* dynamic-tableTests.xctest */ = {isa = PBXFileReference; explicitFileType = wrapper.cfbundle; includeInIndex = 0; path = "dynamic-tableTests.xctest"; sourceTree = BUILT_PRODUCTS_DIR; };
		DFB94AF11A71AEEF009CE6B6 /* Info.plist */ = {isa = PBXFileReference; lastKnownFileType = text.plist.xml; path = Info.plist; sourceTree = "<group>"; };
		DFB94AF21A71AEEF009CE6B6 /* dynamic_tableTests.swift */ = {isa = PBXFileReference; lastKnownFileType = sourcecode.swift; path = dynamic_tableTests.swift; sourceTree = "<group>"; };
		DFFC68521A818C4B001CE65B /* Item.swift */ = {isa = PBXFileReference; fileEncoding = 4; lastKnownFileType = sourcecode.swift; path = Item.swift; sourceTree = "<group>"; };
		DFFC68541A818C6C001CE65B /* Meal.swift */ = {isa = PBXFileReference; fileEncoding = 4; lastKnownFileType = sourcecode.swift; path = Meal.swift; sourceTree = "<group>"; };
/* End PBXFileReference section */

/* Begin PBXFrameworksBuildPhase section */
		DFB94AD41A71AEEF009CE6B6 /* Frameworks */ = {
			isa = PBXFrameworksBuildPhase;
			buildActionMask = 2147483647;
			files = (
			);
			runOnlyForDeploymentPostprocessing = 0;
		};
		DFB94AE91A71AEEF009CE6B6 /* Frameworks */ = {
			isa = PBXFrameworksBuildPhase;
			buildActionMask = 2147483647;
			files = (
			);
			runOnlyForDeploymentPostprocessing = 0;
		};
/* End PBXFrameworksBuildPhase section */

/* Begin PBXGroup section */
		DF5F105D1A8074D900A251F6 /* View Controllers */ = {
			isa = PBXGroup;
			children = (
				DF5F105E1A8075BC00A251F6 /* ViewController.swift */,
				DFB94ADE1A71AEEF009CE6B6 /* MealsTableViewController.swift */,
			);
			path = "View Controllers";
			sourceTree = "<group>";
		};
		DFB94ACE1A71AEEF009CE6B6 = {
			isa = PBXGroup;
			children = (
				DFFC68511A818C33001CE65B /* models */,
				DF5F105D1A8074D900A251F6 /* View Controllers */,
				DFB94AD91A71AEEF009CE6B6 /* dynamic-table */,
				DFB94AEF1A71AEEF009CE6B6 /* dynamic-tableTests */,
				DFB94AD81A71AEEF009CE6B6 /* Products */,
			);
			sourceTree = "<group>";
		};
		DFB94AD81A71AEEF009CE6B6 /* Products */ = {
			isa = PBXGroup;
			children = (
				DFB94AD71A71AEEF009CE6B6 /* dynamic-table.app */,
				DFB94AEC1A71AEEF009CE6B6 /* dynamic-tableTests.xctest */,
			);
			name = Products;
			sourceTree = "<group>";
		};
		DFB94AD91A71AEEF009CE6B6 /* dynamic-table */ = {
			isa = PBXGroup;
			children = (
				DFB94ADC1A71AEEF009CE6B6 /* AppDelegate.swift */,
				DFB94AE01A71AEEF009CE6B6 /* Main.storyboard */,
				DFB94AE31A71AEEF009CE6B6 /* Images.xcassets */,
				DFB94AE51A71AEEF009CE6B6 /* LaunchScreen.xib */,
				DFB94ADA1A71AEEF009CE6B6 /* Supporting Files */,
			);
			path = "dynamic-table";
			sourceTree = "<group>";
		};
		DFB94ADA1A71AEEF009CE6B6 /* Supporting Files */ = {
			isa = PBXGroup;
			children = (
				DFB94ADB1A71AEEF009CE6B6 /* Info.plist */,
			);
			name = "Supporting Files";
			sourceTree = "<group>";
		};
		DFB94AEF1A71AEEF009CE6B6 /* dynamic-tableTests */ = {
			isa = PBXGroup;
			children = (
				DFB94AF21A71AEEF009CE6B6 /* dynamic_tableTests.swift */,
				DFB94AF01A71AEEF009CE6B6 /* Supporting Files */,
			);
			path = "dynamic-tableTests";
			sourceTree = "<group>";
		};
		DFB94AF01A71AEEF009CE6B6 /* Supporting Files */ = {
			isa = PBXGroup;
			children = (
				DFB94AF11A71AEEF009CE6B6 /* Info.plist */,
			);
			name = "Supporting Files";
			sourceTree = "<group>";
		};
		DFFC68511A818C33001CE65B /* models */ = {
			isa = PBXGroup;
			children = (
				DFFC68521A818C4B001CE65B /* Item.swift */,
				DFFC68541A818C6C001CE65B /* Meal.swift */,
				DFA9D7EE1A82AF4B000A1668 /* Dao.swift */,
			);
			path = models;
			sourceTree = "<group>";
		};
/* End PBXGroup section */

/* Begin PBXNativeTarget section */
		DFB94AD61A71AEEF009CE6B6 /* dynamic-table */ = {
			isa = PBXNativeTarget;
			buildConfigurationList = DFB94AF61A71AEEF009CE6B6 /* Build configuration list for PBXNativeTarget "dynamic-table" */;
			buildPhases = (
				DFB94AD31A71AEEF009CE6B6 /* Sources */,
				DFB94AD41A71AEEF009CE6B6 /* Frameworks */,
				DFB94AD51A71AEEF009CE6B6 /* Resources */,
			);
			buildRules = (
			);
			dependencies = (
			);
			name = "dynamic-table";
			productName = "dynamic-table";
			productReference = DFB94AD71A71AEEF009CE6B6 /* dynamic-table.app */;
			productType = "com.apple.product-type.application";
		};
		DFB94AEB1A71AEEF009CE6B6 /* dynamic-tableTests */ = {
			isa = PBXNativeTarget;
			buildConfigurationList = DFB94AF91A71AEEF009CE6B6 /* Build configuration list for PBXNativeTarget "dynamic-tableTests" */;
			buildPhases = (
				DFB94AE81A71AEEF009CE6B6 /* Sources */,
				DFB94AE91A71AEEF009CE6B6 /* Frameworks */,
				DFB94AEA1A71AEEF009CE6B6 /* Resources */,
			);
			buildRules = (
			);
			dependencies = (
				DFB94AEE1A71AEEF009CE6B6 /* PBXTargetDependency */,
			);
			name = "dynamic-tableTests";
			productName = "dynamic-tableTests";
			productReference = DFB94AEC1A71AEEF009CE6B6 /* dynamic-tableTests.xctest */;
			productType = "com.apple.product-type.bundle.unit-test";
		};
/* End PBXNativeTarget section */

/* Begin PBXProject section */
		DFB94ACF1A71AEEF009CE6B6 /* Project object */ = {
			isa = PBXProject;
			attributes = {
				LastUpgradeCheck = 0610;
				ORGANIZATIONNAME = "Jedediah Koch";
				TargetAttributes = {
					DFB94AD61A71AEEF009CE6B6 = {
						CreatedOnToolsVersion = 6.1.1;
						DevelopmentTeam = H53E497R42;
					};
					DFB94AEB1A71AEEF009CE6B6 = {
						CreatedOnToolsVersion = 6.1.1;
						TestTargetID = DFB94AD61A71AEEF009CE6B6;
					};
				};
			};
			buildConfigurationList = DFB94AD21A71AEEF009CE6B6 /* Build configuration list for PBXProject "dynamic-table" */;
			compatibilityVersion = "Xcode 3.2";
			developmentRegion = English;
			hasScannedForEncodings = 0;
			knownRegions = (
				en,
				Base,
			);
			mainGroup = DFB94ACE1A71AEEF009CE6B6;
			productRefGroup = DFB94AD81A71AEEF009CE6B6 /* Products */;
			projectDirPath = "";
			projectRoot = "";
			targets = (
				DFB94AD61A71AEEF009CE6B6 /* dynamic-table */,
				DFB94AEB1A71AEEF009CE6B6 /* dynamic-tableTests */,
			);
		};
/* End PBXProject section */

/* Begin PBXResourcesBuildPhase section */
		DFB94AD51A71AEEF009CE6B6 /* Resources */ = {
			isa = PBXResourcesBuildPhase;
			buildActionMask = 2147483647;
			files = (
				DFB94AE21A71AEEF009CE6B6 /* Main.storyboard in Resources */,
				DFB94AE71A71AEEF009CE6B6 /* LaunchScreen.xib in Resources */,
				DFB94AE41A71AEEF009CE6B6 /* Images.xcassets in Resources */,
			);
			runOnlyForDeploymentPostprocessing = 0;
		};
		DFB94AEA1A71AEEF009CE6B6 /* Resources */ = {
			isa = PBXResourcesBuildPhase;
			buildActionMask = 2147483647;
			files = (
			);
			runOnlyForDeploymentPostprocessing = 0;
		};
/* End PBXResourcesBuildPhase section */

/* Begin PBXSourcesBuildPhase section */
		DFB94AD31A71AEEF009CE6B6 /* Sources */ = {
			isa = PBXSourcesBuildPhase;
			buildActionMask = 2147483647;
			files = (
				DFFC68551A818C6C001CE65B /* Meal.swift in Sources */,
				DFFC68531A818C4B001CE65B /* Item.swift in Sources */,
				DFA9D7EF1A82AF4B000A1668 /* Dao.swift in Sources */,
				DFB94ADF1A71AEEF009CE6B6 /* MealsTableViewController.swift in Sources */,
				DFB94ADD1A71AEEF009CE6B6 /* AppDelegate.swift in Sources */,
				DF5F105F1A8075BC00A251F6 /* ViewController.swift in Sources */,
			);
			runOnlyForDeploymentPostprocessing = 0;
		};
		DFB94AE81A71AEEF009CE6B6 /* Sources */ = {
			isa = PBXSourcesBuildPhase;
			buildActionMask = 2147483647;
			files = (
				DFB94AF31A71AEEF009CE6B6 /* dynamic_tableTests.swift in Sources */,
			);
			runOnlyForDeploymentPostprocessing = 0;
		};
/* End PBXSourcesBuildPhase section */

/* Begin PBXTargetDependency section */
		DFB94AEE1A71AEEF009CE6B6 /* PBXTargetDependency */ = {
			isa = PBXTargetDependency;
			target = DFB94AD61A71AEEF009CE6B6 /* dynamic-table */;
			targetProxy = DFB94AED1A71AEEF009CE6B6 /* PBXContainerItemProxy */;
		};
/* End PBXTargetDependency section */

/* Begin PBXVariantGroup section */
		DFB94AE01A71AEEF009CE6B6 /* Main.storyboard */ = {
			isa = PBXVariantGroup;
			children = (
				DFB94AE11A71AEEF009CE6B6 /* Base */,
			);
			name = Main.storyboard;
			sourceTree = "<group>";
		};
		DFB94AE51A71AEEF009CE6B6 /* LaunchScreen.xib */ = {
			isa = PBXVariantGroup;
			children = (
				DFB94AE61A71AEEF009CE6B6 /* Base */,
			);
			name = LaunchScreen.xib;
			sourceTree = "<group>";
		};
/* End PBXVariantGroup section */

/* Begin XCBuildConfiguration section */
		DFB94AF41A71AEEF009CE6B6 /* Debug */ = {
			isa = XCBuildConfiguration;
			buildSettings = {
				ALWAYS_SEARCH_USER_PATHS = NO;
				CLANG_CXX_LANGUAGE_STANDARD = "gnu++0x";
				CLANG_CXX_LIBRARY = "libc++";
				CLANG_ENABLE_MODULES = YES;
				CLANG_ENABLE_OBJC_ARC = YES;
				CLANG_WARN_BOOL_CONVERSION = YES;
				CLANG_WARN_CONSTANT_CONVERSION = YES;
				CLANG_WARN_DIRECT_OBJC_ISA_USAGE = YES_ERROR;
				CLANG_WARN_EMPTY_BODY = YES;
				CLANG_WARN_ENUM_CONVERSION = YES;
				CLANG_WARN_INT_CONVERSION = YES;
				CLANG_WARN_OBJC_ROOT_CLASS = YES_ERROR;
				CLANG_WARN_UNREACHABLE_CODE = YES;
				CLANG_WARN__DUPLICATE_METHOD_MATCH = YES;
				"CODE_SIGN_IDENTITY[sdk=iphoneos*]" = "iPhone Developer";
				COPY_PHASE_STRIP = NO;
				ENABLE_STRICT_OBJC_MSGSEND = YES;
				GCC_C_LANGUAGE_STANDARD = gnu99;
				GCC_DYNAMIC_NO_PIC = NO;
				GCC_OPTIMIZATION_LEVEL = 0;
				GCC_PREPROCESSOR_DEFINITIONS = (
					"DEBUG=1",
					"$(inherited)",
				);
				GCC_SYMBOLS_PRIVATE_EXTERN = NO;
				GCC_WARN_64_TO_32_BIT_CONVERSION = YES;
				GCC_WARN_ABOUT_RETURN_TYPE = YES_ERROR;
				GCC_WARN_UNDECLARED_SELECTOR = YES;
				GCC_WARN_UNINITIALIZED_AUTOS = YES_AGGRESSIVE;
				GCC_WARN_UNUSED_FUNCTION = YES;
				GCC_WARN_UNUSED_VARIABLE = YES;
				IPHONEOS_DEPLOYMENT_TARGET = 8.1;
				MTL_ENABLE_DEBUG_INFO = YES;
				ONLY_ACTIVE_ARCH = YES;
				SDKROOT = iphoneos;
				SWIFT_OPTIMIZATION_LEVEL = "-Onone";
			};
			name = Debug;
		};
		DFB94AF51A71AEEF009CE6B6 /* Release */ = {
			isa = XCBuildConfiguration;
			buildSettings = {
				ALWAYS_SEARCH_USER_PATHS = NO;
				CLANG_CXX_LANGUAGE_STANDARD = "gnu++0x";
				CLANG_CXX_LIBRARY = "libc++";
				CLANG_ENABLE_MODULES = YES;
				CLANG_ENABLE_OBJC_ARC = YES;
				CLANG_WARN_BOOL_CONVERSION = YES;
				CLANG_WARN_CONSTANT_CONVERSION = YES;
				CLANG_WARN_DIRECT_OBJC_ISA_USAGE = YES_ERROR;
				CLANG_WARN_EMPTY_BODY = YES;
				CLANG_WARN_ENUM_CONVERSION = YES;
				CLANG_WARN_INT_CONVERSION = YES;
				CLANG_WARN_OBJC_ROOT_CLASS = YES_ERROR;
				CLANG_WARN_UNREACHABLE_CODE = YES;
				CLANG_WARN__DUPLICATE_METHOD_MATCH = YES;
				"CODE_SIGN_IDENTITY[sdk=iphoneos*]" = "iPhone Developer";
				COPY_PHASE_STRIP = YES;
				ENABLE_NS_ASSERTIONS = NO;
				ENABLE_STRICT_OBJC_MSGSEND = YES;
				GCC_C_LANGUAGE_STANDARD = gnu99;
				GCC_WARN_64_TO_32_BIT_CONVERSION = YES;
				GCC_WARN_ABOUT_RETURN_TYPE = YES_ERROR;
				GCC_WARN_UNDECLARED_SELECTOR = YES;
				GCC_WARN_UNINITIALIZED_AUTOS = YES_AGGRESSIVE;
				GCC_WARN_UNUSED_FUNCTION = YES;
				GCC_WARN_UNUSED_VARIABLE = YES;
				IPHONEOS_DEPLOYMENT_TARGET = 8.1;
				MTL_ENABLE_DEBUG_INFO = NO;
				SDKROOT = iphoneos;
				VALIDATE_PRODUCT = YES;
			};
			name = Release;
		};
		DFB94AF71A71AEEF009CE6B6 /* Debug */ = {
			isa = XCBuildConfiguration;
			buildSettings = {
				ASSETCATALOG_COMPILER_APPICON_NAME = AppIcon;
				CODE_SIGN_IDENTITY = "iPhone Developer";
				"CODE_SIGN_IDENTITY[sdk=iphoneos*]" = "iPhone Developer";
				INFOPLIST_FILE = "dynamic-table/Info.plist";
				IPHONEOS_DEPLOYMENT_TARGET = 8.1;
				LD_RUNPATH_SEARCH_PATHS = "$(inherited) @executable_path/Frameworks";
				PRODUCT_NAME = "$(TARGET_NAME)";
				PROVISIONING_PROFILE = "";
				TARGETED_DEVICE_FAMILY = "1,2";
			};
			name = Debug;
		};
		DFB94AF81A71AEEF009CE6B6 /* Release */ = {
			isa = XCBuildConfiguration;
			buildSettings = {
				ASSETCATALOG_COMPILER_APPICON_NAME = AppIcon;
				CODE_SIGN_IDENTITY = "iPhone Developer";
				"CODE_SIGN_IDENTITY[sdk=iphoneos*]" = "iPhone Developer";
				INFOPLIST_FILE = "dynamic-table/Info.plist";
				IPHONEOS_DEPLOYMENT_TARGET = 8.1;
				LD_RUNPATH_SEARCH_PATHS = "$(inherited) @executable_path/Frameworks";
				PRODUCT_NAME = "$(TARGET_NAME)";
				PROVISIONING_PROFILE = "";
				TARGETED_DEVICE_FAMILY = "1,2";
			};
			name = Release;
		};
		DFB94AFA1A71AEEF009CE6B6 /* Debug */ = {
			isa = XCBuildConfiguration;
			buildSettings = {
				BUNDLE_LOADER = "$(TEST_HOST)";
				FRAMEWORK_SEARCH_PATHS = (
					"$(SDKROOT)/Developer/Library/Frameworks",
					"$(inherited)",
				);
				GCC_PREPROCESSOR_DEFINITIONS = (
					"DEBUG=1",
					"$(inherited)",
				);
				INFOPLIST_FILE = "dynamic-tableTests/Info.plist";
				LD_RUNPATH_SEARCH_PATHS = "$(inherited) @executable_path/Frameworks @loader_path/Frameworks";
				PRODUCT_NAME = "$(TARGET_NAME)";
				TEST_HOST = "$(BUILT_PRODUCTS_DIR)/dynamic-table.app/dynamic-table";
			};
			name = Debug;
		};
		DFB94AFB1A71AEEF009CE6B6 /* Release */ = {
			isa = XCBuildConfiguration;
			buildSettings = {
				BUNDLE_LOADER = "$(TEST_HOST)";
				FRAMEWORK_SEARCH_PATHS = (
					"$(SDKROOT)/Developer/Library/Frameworks",
					"$(inherited)",
				);
				INFOPLIST_FILE = "dynamic-tableTests/Info.plist";
				LD_RUNPATH_SEARCH_PATHS = "$(inherited) @executable_path/Frameworks @loader_path/Frameworks";
				PRODUCT_NAME = "$(TARGET_NAME)";
				TEST_HOST = "$(BUILT_PRODUCTS_DIR)/dynamic-table.app/dynamic-table";
			};
			name = Release;
		};
/* End XCBuildConfiguration section */

/* Begin XCConfigurationList section */
		DFB94AD21A71AEEF009CE6B6 /* Build configuration list for PBXProject "dynamic-table" */ = {
			isa = XCConfigurationList;
			buildConfigurations = (
				DFB94AF41A71AEEF009CE6B6 /* Debug */,
				DFB94AF51A71AEEF009CE6B6 /* Release */,
			);
			defaultConfigurationIsVisible = 0;
			defaultConfigurationName = Release;
		};
		DFB94AF61A71AEEF009CE6B6 /* Build configuration list for PBXNativeTarget "dynamic-table" */ = {
			isa = XCConfigurationList;
			buildConfigurations = (
				DFB94AF71A71AEEF009CE6B6 /* Debug */,
				DFB94AF81A71AEEF009CE6B6 /* Release */,
			);
			defaultConfigurationIsVisible = 0;
			defaultConfigurationName = Release;
		};
		DFB94AF91A71AEEF009CE6B6 /* Build configuration list for PBXNativeTarget "dynamic-tableTests" */ = {
			isa = XCConfigurationList;
			buildConfigurations = (
				DFB94AFA1A71AEEF009CE6B6 /* Debug */,
				DFB94AFB1A71AEEF009CE6B6 /* Release */,
			);
			defaultConfigurationIsVisible = 0;
			defaultConfigurationName = Release;
		};
/* End XCConfigurationList section */
	};
	rootObject = DFB94ACF1A71AEEF009CE6B6 /* Project object */;
}
